
Microsoft Visual Studio Solution File, Format Version 11.00
# Visual Basic Express 2010
Project("{F184B08F-C81C-45F6-A57F-5ABD9991F28F}") = "Softice Automat", "Softice Automat\Softice Automat.vbproj", "{4113470E-B240-40FA-A783-51624CE3A90C}"
EndProject
Global
	GlobalSection(SolutionConfigurationPlatforms) = preSolution
		Debug|x86 = Debug|x86
		Release|x86 = Release|x86
	EndGlobalSection
	GlobalSection(ProjectConfigurationPlatforms) = postSolution
		{4113470E-B240-40FA-A783-51624CE3A90C}.Debug|x86.ActiveCfg = Debug|x86
		{4113470E-B240-40FA-A783-51624CE3A90C}.Debug|x86.Build.0 = Debug|x86
		{4113470E-B240-40FA-A783-51624CE3A90C}.Release|x86.ActiveCfg = Release|x86
		{4113470E-B240-40FA-A783-51624CE3A90C}.Release|x86.Build.0 = Release|x86
	EndGlobalSection
	GlobalSection(SolutionProperties) = preSolution
		HideSolutionNode = FALSE
	EndGlobalSection
EndGlobal
